Microsoft Visual Studio Solution File, Format Version 12.00
# Visual Studio Version 17
VisualStudioVersion = 17.0.31903.59
MinimumVisualStudioVersion = 10.0.40219.1
Project("{FAE04EC0-301F-11D3-BF4B-00C04F79EFBC}") = "HelloWord.Send", "HelloWord.Send\HelloWord.Send.csproj", "{B5F023BA-FD67-4634-A174-B5AF503F2F32}"
EndProject
Project("{FAE04EC0-301F-11D3-BF4B-00C04F79EFBC}") = "HelloWord.Receive", "HelloWord.Receive\HelloWord.Receive.csproj", "{AA7A17DF-077C-4489-815C-8E3915C69A9F}"
EndProject
Project("{FAE04EC0-301F-11D3-BF4B-00C04F79EFBC}") = "WorkQueues.NewTask", "WorkQueues.NewTask\WorkQueues.NewTask.csproj", "{753B3CD6-F134-47BC-8F99-1B43BDCC371F}"
EndProject
Project("{FAE04EC0-301F-11D3-BF4B-00C04F79EFBC}") = "WorkQueues.Worker", "WorkQueues.Worker\WorkQueues.Worker.csproj", "{14E686E5-BDAB-45E9-AA04-1FAC7A306540}"
EndProject
Global
	GlobalSection(SolutionConfigurationPlatforms) = preSolution
		Debug|Any CPU = Debug|Any CPU
		Release|Any CPU = Release|Any CPU
	EndGlobalSection
	GlobalSection(ProjectConfigurationPlatforms) = postSolution
		{B5F023BA-FD67-4634-A174-B5AF503F2F32}.Debug|Any CPU.ActiveCfg = Debug|Any CPU
		{B5F023BA-FD67-4634-A174-B5AF503F2F32}.Debug|Any CPU.Build.0 = Debug|Any CPU
		{B5F023BA-FD67-4634-A174-B5AF503F2F32}.Release|Any CPU.ActiveCfg = Release|Any CPU
		{B5F023BA-FD67-4634-A174-B5AF503F2F32}.Release|Any CPU.Build.0 = Release|Any CPU
		{AA7A17DF-077C-4489-815C-8E3915C69A9F}.Debug|Any CPU.ActiveCfg = Debug|Any CPU
		{AA7A17DF-077C-4489-815C-8E3915C69A9F}.Debug|Any CPU.Build.0 = Debug|Any CPU
		{AA7A17DF-077C-4489-815C-8E3915C69A9F}.Release|Any CPU.ActiveCfg = Release|Any CPU
		{AA7A17DF-077C-4489-815C-8E3915C69A9F}.Release|Any CPU.Build.0 = Release|Any CPU
		{753B3CD6-F134-47BC-8F99-1B43BDCC371F}.Debug|Any CPU.ActiveCfg = Debug|Any CPU
		{753B3CD6-F134-47BC-8F99-1B43BDCC371F}.Debug|Any CPU.Build.0 = Debug|Any CPU
		{753B3CD6-F134-47BC-8F99-1B43BDCC371F}.Release|Any CPU.ActiveCfg = Release|Any CPU
		{753B3CD6-F134-47BC-8F99-1B43BDCC371F}.Release|Any CPU.Build.0 = Release|Any CPU
		{14E686E5-BDAB-45E9-AA04-1FAC7A306540}.Debug|Any CPU.ActiveCfg = Debug|Any CPU
		{14E686E5-BDAB-45E9-AA04-1FAC7A306540}.Debug|Any CPU.Build.0 = Debug|Any CPU
		{14E686E5-BDAB-45E9-AA04-1FAC7A306540}.Release|Any CPU.ActiveCfg = Release|Any CPU
		{14E686E5-BDAB-45E9-AA04-1FAC7A306540}.Release|Any CPU.Build.0 = Release|Any CPU
	EndGlobalSection
	GlobalSection(SolutionProperties) = preSolution
		HideSolutionNode = FALSE
	EndGlobalSection
EndGlobal
