
Microsoft Visual Studio Solution File, Format Version 12.00
# Visual Studio Version 17
VisualStudioVersion = 17.0.31903.59
MinimumVisualStudioVersion = 10.0.40219.1
Project("{FAE04EC0-301F-11D3-BF4B-00C04F79EFBC}") = "Properties.Publisher", "Properties.Publisher\Properties.Publisher.csproj", "{AE1CBB6C-FCA8-4517-B7FF-083565C6C5B9}"
EndProject
Project("{FAE04EC0-301F-11D3-BF4B-00C04F79EFBC}") = "Properties.Consumer", "Properties.Consumer\Properties.Consumer.csproj", "{371778C1-98B2-4AB3-AAA6-D8A039A0CAAD}"
EndProject
Global
	GlobalSection(SolutionConfigurationPlatforms) = preSolution
		Debug|Any CPU = Debug|Any CPU
		Release|Any CPU = Release|Any CPU
	EndGlobalSection
	GlobalSection(SolutionProperties) = preSolution
		HideSolutionNode = FALSE
	EndGlobalSection
	GlobalSection(ProjectConfigurationPlatforms) = postSolution
		{AE1CBB6C-FCA8-4517-B7FF-083565C6C5B9}.Debug|Any CPU.ActiveCfg = Debug|Any CPU
		{AE1CBB6C-FCA8-4517-B7FF-083565C6C5B9}.Debug|Any CPU.Build.0 = Debug|Any CPU
		{AE1CBB6C-FCA8-4517-B7FF-083565C6C5B9}.Release|Any CPU.ActiveCfg = Release|Any CPU
		{AE1CBB6C-FCA8-4517-B7FF-083565C6C5B9}.Release|Any CPU.Build.0 = Release|Any CPU
		{371778C1-98B2-4AB3-AAA6-D8A039A0CAAD}.Debug|Any CPU.ActiveCfg = Debug|Any CPU
		{371778C1-98B2-4AB3-AAA6-D8A039A0CAAD}.Debug|Any CPU.Build.0 = Debug|Any CPU
		{371778C1-98B2-4AB3-AAA6-D8A039A0CAAD}.Release|Any CPU.ActiveCfg = Release|Any CPU
		{371778C1-98B2-4AB3-AAA6-D8A039A0CAAD}.Release|Any CPU.Build.0 = Release|Any CPU
	EndGlobalSection
EndGlobal
